// !$*UTF8*$!
{
	archiveVersion = 1;
	classes = {
	};
	objectVersion = 50;
	objects = {

/* Begin PBXBuildFile section */
		114EB40E25EF6ADB001F42C9 /* AppDelegate.m in Sources */ = {isa = PBXBuildFile; fileRef = 114EB40D25EF6ADB001F42C9 /* AppDelegate.m */; };
		114EB41425EF6ADB001F42C9 /* ViewController.m in Sources */ = {isa = PBXBuildFile; fileRef = 114EB41325EF6ADB001F42C9 /* ViewController.m */; };
		114EB41725EF6ADB001F42C9 /* Main.storyboard in Resources */ = {isa = PBXBuildFile; fileRef = 114EB41525EF6ADB001F42C9 /* Main.storyboard */; };
		114EB41925EF6ADE001F42C9 /* Assets.xcassets in Resources */ = {isa = PBXBuildFile; fileRef = 114EB41825EF6ADE001F42C9 /* Assets.xcassets */; };
		114EB41C25EF6ADE001F42C9 /* LaunchScreen.storyboard in Resources */ = {isa = PBXBuildFile; fileRef = 114EB41A25EF6ADE001F42C9 /* LaunchScreen.storyboard */; };
		114EB41F25EF6ADE001F42C9 /* main.m in Sources */ = {isa = PBXBuildFile; fileRef = 114EB41E25EF6ADE001F42C9 /* main.m */; };
		114EB42925EF6ADE001F42C9 /* CoreLocationTests.m in Sources */ = {isa = PBXBuildFile; fileRef = 114EB42825EF6ADE001F42C9 /* CoreLocationTests.m */; };
		114EB43425EF6ADE001F42C9 /* CoreLocationUITests.m in Sources */ = {isa = PBXBuildFile; fileRef = 114EB43325EF6ADE001F42C9 /* CoreLocationUITests.m */; };
		114EB44425EF6CC4001F42C9 /* CoreLocationViewController.m in Sources */ = {isa = PBXBuildFile; fileRef = 114EB44325EF6CC4001F42C9 /* CoreLocationViewController.m */; };
		114EB44725EF6FA7001F42C9 /* EssentialsViewController.m in Sources */ = {isa = PBXBuildFile; fileRef = 114EB44625EF6FA7001F42C9 /* EssentialsViewController.m */; };
		114EB44A25EF80AF001F42C9 /* AuthorizationViewController.m in Sources */ = {isa = PBXBuildFile; fileRef = 114EB44925EF80AF001F42C9 /* AuthorizationViewController.m */; };
		114EB45025EF929B001F42C9 /* LocationUpdatesViewController.m in Sources */ = {isa = PBXBuildFile; fileRef = 114EB44F25EF929B001F42C9 /* LocationUpdatesViewController.m */; };
		114EB45325EFAA48001F42C9 /* RegionMonitoringController.m in Sources */ = {isa = PBXBuildFile; fileRef = 114EB45225EFAA48001F42C9 /* RegionMonitoringController.m */; };
		114EB45625EFAA67001F42C9 /* iBeaconViewController.m in Sources */ = {isa = PBXBuildFile; fileRef = 114EB45525EFAA67001F42C9 /* iBeaconViewController.m */; };
		114EB45925EFAA8F001F42C9 /* CompassHeadingsController.m in Sources */ = {isa = PBXBuildFile; fileRef = 114EB45825EFAA8F001F42C9 /* CompassHeadingsController.m */; };
		114EB45C25EFAA9F001F42C9 /* GeocodingViewController.m in Sources */ = {isa = PBXBuildFile; fileRef = 114EB45B25EFAA9F001F42C9 /* GeocodingViewController.m */; };
/* End PBXBuildFile section */

/* Begin PBXContainerItemProxy section */
		114EB42525EF6ADE001F42C9 /* PBXContainerItemProxy */ = {
			isa = PBXContainerItemProxy;
			containerPortal = 114EB40125EF6ADB001F42C9 /* Project object */;
			proxyType = 1;
			remoteGlobalIDString = 114EB40825EF6ADB001F42C9;
			remoteInfo = CoreLocation;
		};
		114EB43025EF6ADE001F42C9 /* PBXContainerItemProxy */ = {
			isa = PBXContainerItemProxy;
			containerPortal = 114EB40125EF6ADB001F42C9 /* Project object */;
			proxyType = 1;
			remoteGlobalIDString = 114EB40825EF6ADB001F42C9;
			remoteInfo = CoreLocation;
		};
/* End PBXContainerItemProxy section */

/* Begin PBXFileReference section */
		114EB40925EF6ADB001F42C9 /* CoreLocation.app */ = {isa = PBXFileReference; explicitFileType = wrapper.application; includeInIndex = 0; path = CoreLocation.app; sourceTree = BUILT_PRODUCTS_DIR; };
		114EB40C25EF6ADB001F42C9 /* AppDelegate.h */ = {isa = PBXFileReference; lastKnownFileType = sourcecode.c.h; path = AppDelegate.h; sourceTree = "<group>"; };
		114EB40D25EF6ADB001F42C9 /* AppDelegate.m */ = {isa = PBXFileReference; lastKnownFileType = sourcecode.c.objc; path = AppDelegate.m; sourceTree = "<group>"; };
		114EB41225EF6ADB001F42C9 /* ViewController.h */ = {isa = PBXFileReference; lastKnownFileType = sourcecode.c.h; path = ViewController.h; sourceTree = "<group>"; };
		114EB41325EF6ADB001F42C9 /* ViewController.m */ = {isa = PBXFileReference; lastKnownFileType = sourcecode.c.objc; path = ViewController.m; sourceTree = "<group>"; };
		114EB41625EF6ADB001F42C9 /* Base */ = {isa = PBXFileReference; lastKnownFileType = file.storyboard; name = Base; path = Base.lproj/Main.storyboard; sourceTree = "<group>"; };
		114EB41825EF6ADE001F42C9 /* Assets.xcassets */ = {isa = PBXFileReference; lastKnownFileType = folder.assetcatalog; path = Assets.xcassets; sourceTree = "<group>"; };
		114EB41B25EF6ADE001F42C9 /* Base */ = {isa = PBXFileReference; lastKnownFileType = file.storyboard; name = Base; path = Base.lproj/LaunchScreen.storyboard; sourceTree = "<group>"; };
		114EB41D25EF6ADE001F42C9 /* Info.plist */ = {isa = PBXFileReference; lastKnownFileType = text.plist.xml; path = Info.plist; sourceTree = "<group>"; };
		114EB41E25EF6ADE001F42C9 /* main.m */ = {isa = PBXFileReference; lastKnownFileType = sourcecode.c.objc; path = main.m; sourceTree = "<group>"; };
		114EB42425EF6ADE001F42C9 /* CoreLocationTests.xctest */ = {isa = PBXFileReference; explicitFileType = wrapper.cfbundle; includeInIndex = 0; path = CoreLocationTests.xctest; sourceTree = BUILT_PRODUCTS_DIR; };
		114EB42825EF6ADE001F42C9 /* CoreLocationTests.m */ = {isa = PBXFileReference; lastKnownFileType = sourcecode.c.objc; path = CoreLocationTests.m; sourceTree = "<group>"; };
		114EB42A25EF6ADE001F42C9 /* Info.plist */ = {isa = PBXFileReference; lastKnownFileType = text.plist.xml; path = Info.plist; sourceTree = "<group>"; };
		114EB42F25EF6ADE001F42C9 /* CoreLocationUITests.xctest */ = {isa = PBXFileReference; explicitFileType = wrapper.cfbundle; includeInIndex = 0; path = CoreLocationUITests.xctest; sourceTree = BUILT_PRODUCTS_DIR; };
		114EB43325EF6ADE001F42C9 /* CoreLocationUITests.m */ = {isa = PBXFileReference; lastKnownFileType = sourcecode.c.objc; path = CoreLocationUITests.m; sourceTree = "<group>"; };
		114EB43525EF6ADE001F42C9 /* Info.plist */ = {isa = PBXFileReference; lastKnownFileType = text.plist.xml; path = Info.plist; sourceTree = "<group>"; };
		114EB44225EF6CC4001F42C9 /* CoreLocationViewController.h */ = {isa = PBXFileReference; lastKnownFileType = sourcecode.c.h; path = CoreLocationViewController.h; sourceTree = "<group>"; };
		114EB44325EF6CC4001F42C9 /* CoreLocationViewController.m */ = {isa = PBXFileReference; lastKnownFileType = sourcecode.c.objc; path = CoreLocationViewController.m; sourceTree = "<group>"; };
		114EB44525EF6FA7001F42C9 /* EssentialsViewController.h */ = {isa = PBXFileReference; lastKnownFileType = sourcecode.c.h; path = EssentialsViewController.h; sourceTree = "<group>"; };
		114EB44625EF6FA7001F42C9 /* EssentialsViewController.m */ = {isa = PBXFileReference; lastKnownFileType = sourcecode.c.objc; path = EssentialsViewController.m; sourceTree = "<group>"; };
		114EB44825EF80AF001F42C9 /* AuthorizationViewController.h */ = {isa = PBXFileReference; lastKnownFileType = sourcecode.c.h; path = AuthorizationViewController.h; sourceTree = "<group>"; };
		114EB44925EF80AF001F42C9 /* AuthorizationViewController.m */ = {isa = PBXFileReference; lastKnownFileType = sourcecode.c.objc; path = AuthorizationViewController.m; sourceTree = "<group>"; };
		114EB44E25EF929B001F42C9 /* LocationUpdatesViewController.h */ = {isa = PBXFileReference; lastKnownFileType = sourcecode.c.h; path = LocationUpdatesViewController.h; sourceTree = "<group>"; };
		114EB44F25EF929B001F42C9 /* LocationUpdatesViewController.m */ = {isa = PBXFileReference; lastKnownFileType = sourcecode.c.objc; path = LocationUpdatesViewController.m; sourceTree = "<group>"; };
		114EB45125EFAA48001F42C9 /* RegionMonitoringController.h */ = {isa = PBXFileReference; lastKnownFileType = sourcecode.c.h; path = RegionMonitoringController.h; sourceTree = "<group>"; };
		114EB45225EFAA48001F42C9 /* RegionMonitoringController.m */ = {isa = PBXFileReference; lastKnownFileType = sourcecode.c.objc; path = RegionMonitoringController.m; sourceTree = "<group>"; };
		114EB45425EFAA67001F42C9 /* iBeaconViewController.h */ = {isa = PBXFileReference; lastKnownFileType = sourcecode.c.h; path = iBeaconViewController.h; sourceTree = "<group>"; };
		114EB45525EFAA67001F42C9 /* iBeaconViewController.m */ = {isa = PBXFileReference; lastKnownFileType = sourcecode.c.objc; path = iBeaconViewController.m; sourceTree = "<group>"; };
		114EB45725EFAA8F001F42C9 /* CompassHeadingsController.h */ = {isa = PBXFileReference; lastKnownFileType = sourcecode.c.h; path = CompassHeadingsController.h; sourceTree = "<group>"; };
		114EB45825EFAA8F001F42C9 /* CompassHeadingsController.m */ = {isa = PBXFileReference; lastKnownFileType = sourcecode.c.objc; path = CompassHeadingsController.m; sourceTree = "<group>"; };
		114EB45A25EFAA9F001F42C9 /* GeocodingViewController.h */ = {isa = PBXFileReference; lastKnownFileType = sourcecode.c.h; path = GeocodingViewController.h; sourceTree = "<group>"; };
		114EB45B25EFAA9F001F42C9 /* GeocodingViewController.m */ = {isa = PBXFileReference; lastKnownFileType = sourcecode.c.objc; path = GeocodingViewController.m; sourceTree = "<group>"; };
/* End PBXFileReference section */

/* Begin PBXFrameworksBuildPhase section */
		114EB40625EF6ADB001F42C9 /* Frameworks */ = {
			isa = PBXFrameworksBuildPhase;
			buildActionMask = 2147483647;
			files = (
			);
			runOnlyForDeploymentPostprocessing = 0;
		};
		114EB42125EF6ADE001F42C9 /* Frameworks */ = {
			isa = PBXFrameworksBuildPhase;
			buildActionMask = 2147483647;
			files = (
			);
			runOnlyForDeploymentPostprocessing = 0;
		};
		114EB42C25EF6ADE001F42C9 /* Frameworks */ = {
			isa = PBXFrameworksBuildPhase;
			buildActionMask = 2147483647;
			files = (
			);
			runOnlyForDeploymentPostprocessing = 0;
		};
/* End PBXFrameworksBuildPhase section */

/* Begin PBXGroup section */
		114EB40025EF6ADB001F42C9 = {
			isa = PBXGroup;
			children = (
				114EB40B25EF6ADB001F42C9 /* CoreLocation */,
				114EB42725EF6ADE001F42C9 /* CoreLocationTests */,
				114EB43225EF6ADE001F42C9 /* CoreLocationUITests */,
				114EB40A25EF6ADB001F42C9 /* Products */,
			);
			sourceTree = "<group>";
		};
		114EB40A25EF6ADB001F42C9 /* Products */ = {
			isa = PBXGroup;
			children = (
				114EB40925EF6ADB001F42C9 /* CoreLocation.app */,
				114EB42425EF6ADE001F42C9 /* CoreLocationTests.xctest */,
				114EB42F25EF6ADE001F42C9 /* CoreLocationUITests.xctest */,
			);
			name = Products;
			sourceTree = "<group>";
		};
		114EB40B25EF6ADB001F42C9 /* CoreLocation */ = {
			isa = PBXGroup;
			children = (
				114EB44125EF6CAC001F42C9 /* CoreLocation */,
				114EB40C25EF6ADB001F42C9 /* AppDelegate.h */,
				114EB40D25EF6ADB001F42C9 /* AppDelegate.m */,
				114EB41225EF6ADB001F42C9 /* ViewController.h */,
				114EB41325EF6ADB001F42C9 /* ViewController.m */,
				114EB41525EF6ADB001F42C9 /* Main.storyboard */,
				114EB41825EF6ADE001F42C9 /* Assets.xcassets */,
				114EB41A25EF6ADE001F42C9 /* LaunchScreen.storyboard */,
				114EB41D25EF6ADE001F42C9 /* Info.plist */,
				114EB41E25EF6ADE001F42C9 /* main.m */,
			);
			path = CoreLocation;
			sourceTree = "<group>";
		};
		114EB42725EF6ADE001F42C9 /* CoreLocationTests */ = {
			isa = PBXGroup;
			children = (
				114EB42825EF6ADE001F42C9 /* CoreLocationTests.m */,
				114EB42A25EF6ADE001F42C9 /* Info.plist */,
			);
			path = CoreLocationTests;
			sourceTree = "<group>";
		};
		114EB43225EF6ADE001F42C9 /* CoreLocationUITests */ = {
			isa = PBXGroup;
			children = (
				114EB43325EF6ADE001F42C9 /* CoreLocationUITests.m */,
				114EB43525EF6ADE001F42C9 /* Info.plist */,
			);
			path = CoreLocationUITests;
			sourceTree = "<group>";
		};
		114EB44125EF6CAC001F42C9 /* CoreLocation */ = {
			isa = PBXGroup;
			children = (
				114EB44225EF6CC4001F42C9 /* CoreLocationViewController.h */,
				114EB44325EF6CC4001F42C9 /* CoreLocationViewController.m */,
				114EB44525EF6FA7001F42C9 /* EssentialsViewController.h */,
				114EB44625EF6FA7001F42C9 /* EssentialsViewController.m */,
				114EB44825EF80AF001F42C9 /* AuthorizationViewController.h */,
				114EB44925EF80AF001F42C9 /* AuthorizationViewController.m */,
				114EB44E25EF929B001F42C9 /* LocationUpdatesViewController.h */,
				114EB44F25EF929B001F42C9 /* LocationUpdatesViewController.m */,
				114EB45125EFAA48001F42C9 /* RegionMonitoringController.h */,
				114EB45225EFAA48001F42C9 /* RegionMonitoringController.m */,
				114EB45425EFAA67001F42C9 /* iBeaconViewController.h */,
				114EB45525EFAA67001F42C9 /* iBeaconViewController.m */,
				114EB45725EFAA8F001F42C9 /* CompassHeadingsController.h */,
				114EB45825EFAA8F001F42C9 /* CompassHeadingsController.m */,
				114EB45A25EFAA9F001F42C9 /* GeocodingViewController.h */,
				114EB45B25EFAA9F001F42C9 /* GeocodingViewController.m */,
			);
			path = CoreLocation;
			sourceTree = "<group>";
		};
/* End PBXGroup section */

/* Begin PBXNativeTarget section */
		114EB40825EF6ADB001F42C9 /* CoreLocation */ = {
			isa = PBXNativeTarget;
			buildConfigurationList = 114EB43825EF6ADE001F42C9 /* Build configuration list for PBXNativeTarget "CoreLocation" */;
			buildPhases = (
				114EB40525EF6ADB001F42C9 /* Sources */,
				114EB40625EF6ADB001F42C9 /* Frameworks */,
				114EB40725EF6ADB001F42C9 /* Resources */,
			);
			buildRules = (
			);
			dependencies = (
			);
			name = CoreLocation;
			productName = CoreLocation;
			productReference = 114EB40925EF6ADB001F42C9 /* CoreLocation.app */;
			productType = "com.apple.product-type.application";
		};
		114EB42325EF6ADE001F42C9 /* CoreLocationTests */ = {
			isa = PBXNativeTarget;
			buildConfigurationList = 114EB43B25EF6ADE001F42C9 /* Build configuration list for PBXNativeTarget "CoreLocationTests" */;
			buildPhases = (
				114EB42025EF6ADE001F42C9 /* Sources */,
				114EB42125EF6ADE001F42C9 /* Frameworks */,
				114EB42225EF6ADE001F42C9 /* Resources */,
			);
			buildRules = (
			);
			dependencies = (
				114EB42625EF6ADE001F42C9 /* PBXTargetDependency */,
			);
			name = CoreLocationTests;
			productName = CoreLocationTests;
			productReference = 114EB42425EF6ADE001F42C9 /* CoreLocationTests.xctest */;
			productType = "com.apple.product-type.bundle.unit-test";
		};
		114EB42E25EF6ADE001F42C9 /* CoreLocationUITests */ = {
			isa = PBXNativeTarget;
			buildConfigurationList = 114EB43E25EF6ADE001F42C9 /* Build configuration list for PBXNativeTarget "CoreLocationUITests" */;
			buildPhases = (
				114EB42B25EF6ADE001F42C9 /* Sources */,
				114EB42C25EF6ADE001F42C9 /* Frameworks */,
				114EB42D25EF6ADE001F42C9 /* Resources */,
			);
			buildRules = (
			);
			dependencies = (
				114EB43125EF6ADE001F42C9 /* PBXTargetDependency */,
			);
			name = CoreLocationUITests;
			productName = CoreLocationUITests;
			productReference = 114EB42F25EF6ADE001F42C9 /* CoreLocationUITests.xctest */;
			productType = "com.apple.product-type.bundle.ui-testing";
		};
/* End PBXNativeTarget section */

/* Begin PBXProject section */
		114EB40125EF6ADB001F42C9 /* Project object */ = {
			isa = PBXProject;
			attributes = {
				LastUpgradeCheck = 1150;
				ORGANIZATIONNAME = tigerfly;
				TargetAttributes = {
					114EB40825EF6ADB001F42C9 = {
						CreatedOnToolsVersion = 11.5;
					};
					114EB42325EF6ADE001F42C9 = {
						CreatedOnToolsVersion = 11.5;
						TestTargetID = 114EB40825EF6ADB001F42C9;
					};
					114EB42E25EF6ADE001F42C9 = {
						CreatedOnToolsVersion = 11.5;
						TestTargetID = 114EB40825EF6ADB001F42C9;
					};
				};
			};
			buildConfigurationList = 114EB40425EF6ADB001F42C9 /* Build configuration list for PBXProject "CoreLocation" */;
			compatibilityVersion = "Xcode 9.3";
			developmentRegion = en;
			hasScannedForEncodings = 0;
			knownRegions = (
				en,
				Base,
			);
			mainGroup = 114EB40025EF6ADB001F42C9;
			productRefGroup = 114EB40A25EF6ADB001F42C9 /* Products */;
			projectDirPath = "";
			projectRoot = "";
			targets = (
				114EB40825EF6ADB001F42C9 /* CoreLocation */,
				114EB42325EF6ADE001F42C9 /* CoreLocationTests */,
				114EB42E25EF6ADE001F42C9 /* CoreLocationUITests */,
			);
		};
/* End PBXProject section */

/* Begin PBXResourcesBuildPhase section */
		114EB40725EF6ADB001F42C9 /* Resources */ = {
			isa = PBXResourcesBuildPhase;
			buildActionMask = 2147483647;
			files = (
				114EB41C25EF6ADE001F42C9 /* LaunchScreen.storyboard in Resources */,
				114EB41925EF6ADE001F42C9 /* Assets.xcassets in Resources */,
				114EB41725EF6ADB001F42C9 /* Main.storyboard in Resources */,
			);
			runOnlyForDeploymentPostprocessing = 0;
		};
		114EB42225EF6ADE001F42C9 /* Resources */ = {
			isa = PBXResourcesBuildPhase;
			buildActionMask = 2147483647;
			files = (
			);
			runOnlyForDeploymentPostprocessing = 0;
		};
		114EB42D25EF6ADE001F42C9 /* Resources */ = {
			isa = PBXResourcesBuildPhase;
			buildActionMask = 2147483647;
			files = (
			);
			runOnlyForDeploymentPostprocessing = 0;
		};
/* End PBXResourcesBuildPhase section */

/* Begin PBXSourcesBuildPhase section */
		114EB40525EF6ADB001F42C9 /* Sources */ = {
			isa = PBXSourcesBuildPhase;
			buildActionMask = 2147483647;
			files = (
				114EB44725EF6FA7001F42C9 /* EssentialsViewController.m in Sources */,
				114EB45025EF929B001F42C9 /* LocationUpdatesViewController.m in Sources */,
				114EB44425EF6CC4001F42C9 /* CoreLocationViewController.m in Sources */,
				114EB44A25EF80AF001F42C9 /* AuthorizationViewController.m in Sources */,
				114EB41425EF6ADB001F42C9 /* ViewController.m in Sources */,
				114EB45325EFAA48001F42C9 /* RegionMonitoringController.m in Sources */,
				114EB45625EFAA67001F42C9 /* iBeaconViewController.m in Sources */,
				114EB45925EFAA8F001F42C9 /* CompassHeadingsController.m in Sources */,
				114EB40E25EF6ADB001F42C9 /* AppDelegate.m in Sources */,
				114EB45C25EFAA9F001F42C9 /* GeocodingViewController.m in Sources */,
				114EB41F25EF6ADE001F42C9 /* main.m in Sources */,
			);
			runOnlyForDeploymentPostprocessing = 0;
		};
		114EB42025EF6ADE001F42C9 /* Sources */ = {
			isa = PBXSourcesBuildPhase;
			buildActionMask = 2147483647;
			files = (
				114EB42925EF6ADE001F42C9 /* CoreLocationTests.m in Sources */,
			);
			runOnlyForDeploymentPostprocessing = 0;
		};
		114EB42B25EF6ADE001F42C9 /* Sources */ = {
			isa = PBXSourcesBuildPhase;
			buildActionMask = 2147483647;
			files = (
				114EB43425EF6ADE001F42C9 /* CoreLocationUITests.m in Sources */,
			);
			runOnlyForDeploymentPostprocessing = 0;
		};
/* End PBXSourcesBuildPhase section */

/* Begin PBXTargetDependency section */
		114EB42625EF6ADE001F42C9 /* PBXTargetDependency */ = {
			isa = PBXTargetDependency;
			target = 114EB40825EF6ADB001F42C9 /* CoreLocation */;
			targetProxy = 114EB42525EF6ADE001F42C9 /* PBXContainerItemProxy */;
		};
		114EB43125EF6ADE001F42C9 /* PBXTargetDependency */ = {
			isa = PBXTargetDependency;
			target = 114EB40825EF6ADB001F42C9 /* CoreLocation */;
			targetProxy = 114EB43025EF6ADE001F42C9 /* PBXContainerItemProxy */;
		};
/* End PBXTargetDependency section */

/* Begin PBXVariantGroup section */
		114EB41525EF6ADB001F42C9 /* Main.storyboard */ = {
			isa = PBXVariantGroup;
			children = (
				114EB41625EF6ADB001F42C9 /* Base */,
			);
			name = Main.storyboard;
			sourceTree = "<group>";
		};
		114EB41A25EF6ADE001F42C9 /* LaunchScreen.storyboard */ = {
			isa = PBXVariantGroup;
			children = (
				114EB41B25EF6ADE001F42C9 /* Base */,
			);
			name = LaunchScreen.storyboard;
			sourceTree = "<group>";
		};
/* End PBXVariantGroup section */

/* Begin XCBuildConfiguration section */
		114EB43625EF6ADE001F42C9 /* Debug */ = {
			isa = XCBuildConfiguration;
			buildSettings = {
				ALWAYS_SEARCH_USER_PATHS = NO;
				CLANG_ANALYZER_NONNULL = YES;
				CLANG_ANALYZER_NUMBER_OBJECT_CONVERSION = YES_AGGRESSIVE;
				CLANG_CXX_LANGUAGE_STANDARD = "gnu++14";
				CLANG_CXX_LIBRARY = "libc++";
				CLANG_ENABLE_MODULES = YES;
				CLANG_ENABLE_OBJC_ARC = YES;
				CLANG_ENABLE_OBJC_WEAK = YES;
				CLANG_WARN_BLOCK_CAPTURE_AUTORELEASING = YES;
				CLANG_WARN_BOOL_CONVERSION = YES;
				CLANG_WARN_COMMA = YES;
				CLANG_WARN_CONSTANT_CONVERSION = YES;
				CLANG_WARN_DEPRECATED_OBJC_IMPLEMENTATIONS = YES;
				CLANG_WARN_DIRECT_OBJC_ISA_USAGE = YES_ERROR;
				CLANG_WARN_DOCUMENTATION_COMMENTS = YES;
				CLANG_WARN_EMPTY_BODY = YES;
				CLANG_WARN_ENUM_CONVERSION = YES;
				CLANG_WARN_INFINITE_RECURSION = YES;
				CLANG_WARN_INT_CONVERSION = YES;
				CLANG_WARN_NON_LITERAL_NULL_CONVERSION = YES;
				CLANG_WARN_OBJC_IMPLICIT_RETAIN_SELF = YES;
				CLANG_WARN_OBJC_LITERAL_CONVERSION = YES;
				CLANG_WARN_OBJC_ROOT_CLASS = YES_ERROR;
				CLANG_WARN_RANGE_LOOP_ANALYSIS = YES;
				CLANG_WARN_STRICT_PROTOTYPES = YES;
				CLANG_WARN_SUSPICIOUS_MOVE = YES;
				CLANG_WARN_UNGUARDED_AVAILABILITY = YES_AGGRESSIVE;
				CLANG_WARN_UNREACHABLE_CODE = YES;
				CLANG_WARN__DUPLICATE_METHOD_MATCH = YES;
				COPY_PHASE_STRIP = NO;
				DEBUG_INFORMATION_FORMAT = dwarf;
				ENABLE_STRICT_OBJC_MSGSEND = YES;
				ENABLE_TESTABILITY = YES;
				GCC_C_LANGUAGE_STANDARD = gnu11;
				GCC_DYNAMIC_NO_PIC = NO;
				GCC_NO_COMMON_BLOCKS = YES;
				GCC_OPTIMIZATION_LEVEL = 0;
				GCC_PREPROCESSOR_DEFINITIONS = (
					"DEBUG=1",
					"$(inherited)",
				);
				GCC_WARN_64_TO_32_BIT_CONVERSION = YES;
				GCC_WARN_ABOUT_RETURN_TYPE = YES_ERROR;
				GCC_WARN_UNDECLARED_SELECTOR = YES;
				GCC_WARN_UNINITIALIZED_AUTOS = YES_AGGRESSIVE;
				GCC_WARN_UNUSED_FUNCTION = YES;
				GCC_WARN_UNUSED_VARIABLE = YES;
				IPHONEOS_DEPLOYMENT_TARGET = 13.5;
				MTL_ENABLE_DEBUG_INFO = INCLUDE_SOURCE;
				MTL_FAST_MATH = YES;
				ONLY_ACTIVE_ARCH = YES;
				SDKROOT = iphoneos;
			};
			name = Debug;
		};
		114EB43725EF6ADE001F42C9 /* Release */ = {
			isa = XCBuildConfiguration;
			buildSettings = {
				ALWAYS_SEARCH_USER_PATHS = NO;
				CLANG_ANALYZER_NONNULL = YES;
				CLANG_ANALYZER_NUMBER_OBJECT_CONVERSION = YES_AGGRESSIVE;
				CLANG_CXX_LANGUAGE_STANDARD = "gnu++14";
				CLANG_CXX_LIBRARY = "libc++";
				CLANG_ENABLE_MODULES = YES;
				CLANG_ENABLE_OBJC_ARC = YES;
				CLANG_ENABLE_OBJC_WEAK = YES;
				CLANG_WARN_BLOCK_CAPTURE_AUTORELEASING = YES;
				CLANG_WARN_BOOL_CONVERSION = YES;
				CLANG_WARN_COMMA = YES;
				CLANG_WARN_CONSTANT_CONVERSION = YES;
				CLANG_WARN_DEPRECATED_OBJC_IMPLEMENTATIONS = YES;
				CLANG_WARN_DIRECT_OBJC_ISA_USAGE = YES_ERROR;
				CLANG_WARN_DOCUMENTATION_COMMENTS = YES;
				CLANG_WARN_EMPTY_BODY = YES;
				CLANG_WARN_ENUM_CONVERSION = YES;
				CLANG_WARN_INFINITE_RECURSION = YES;
				CLANG_WARN_INT_CONVERSION = YES;
				CLANG_WARN_NON_LITERAL_NULL_CONVERSION = YES;
				CLANG_WARN_OBJC_IMPLICIT_RETAIN_SELF = YES;
				CLANG_WARN_OBJC_LITERAL_CONVERSION = YES;
				CLANG_WARN_OBJC_ROOT_CLASS = YES_ERROR;
				CLANG_WARN_RANGE_LOOP_ANALYSIS = YES;
				CLANG_WARN_STRICT_PROTOTYPES = YES;
				CLANG_WARN_SUSPICIOUS_MOVE = YES;
				CLANG_WARN_UNGUARDED_AVAILABILITY = YES_AGGRESSIVE;
				CLANG_WARN_UNREACHABLE_CODE = YES;
				CLANG_WARN__DUPLICATE_METHOD_MATCH = YES;
				COPY_PHASE_STRIP = NO;
				DEBUG_INFORMATION_FORMAT = "dwarf-with-dsym";
				ENABLE_NS_ASSERTIONS = NO;
				ENABLE_STRICT_OBJC_MSGSEND = YES;
				GCC_C_LANGUAGE_STANDARD = gnu11;
				GCC_NO_COMMON_BLOCKS = YES;
				GCC_WARN_64_TO_32_BIT_CONVERSION = YES;
				GCC_WARN_ABOUT_RETURN_TYPE = YES_ERROR;
				GCC_WARN_UNDECLARED_SELECTOR = YES;
				GCC_WARN_UNINITIALIZED_AUTOS = YES_AGGRESSIVE;
				GCC_WARN_UNUSED_FUNCTION = YES;
				GCC_WARN_UNUSED_VARIABLE = YES;
				IPHONEOS_DEPLOYMENT_TARGET = 13.5;
				MTL_ENABLE_DEBUG_INFO = NO;
				MTL_FAST_MATH = YES;
				SDKROOT = iphoneos;
				VALIDATE_PRODUCT = YES;
			};
			name = Release;
		};
		114EB43925EF6ADE001F42C9 /* Debug */ = {
			isa = XCBuildConfiguration;
			buildSettings = {
				ASSETCATALOG_COMPILER_APPICON_NAME = AppIcon;
				CODE_SIGN_STYLE = Automatic;
				DEVELOPMENT_TEAM = HU7J6PUQSE;
				INFOPLIST_FILE = CoreLocation/Info.plist;
				LD_RUNPATH_SEARCH_PATHS = (
					"$(inherited)",
					"@executable_path/Frameworks",
				);
				PRODUCT_BUNDLE_IDENTIFIER = com.tigerfly.CoreLocation;
				PRODUCT_NAME = "$(TARGET_NAME)";
				TARGETED_DEVICE_FAMILY = 1;
			};
			name = Debug;
		};
		114EB43A25EF6ADE001F42C9 /* Release */ = {
			isa = XCBuildConfiguration;
			buildSettings = {
				ASSETCATALOG_COMPILER_APPICON_NAME = AppIcon;
				CODE_SIGN_STYLE = Automatic;
				DEVELOPMENT_TEAM = HU7J6PUQSE;
				INFOPLIST_FILE = CoreLocation/Info.plist;
				LD_RUNPATH_SEARCH_PATHS = (
					"$(inherited)",
					"@executable_path/Frameworks",
				);
				PRODUCT_BUNDLE_IDENTIFIER = com.tigerfly.CoreLocation;
				PRODUCT_NAME = "$(TARGET_NAME)";
				TARGETED_DEVICE_FAMILY = 1;
			};
			name = Release;
		};
		114EB43C25EF6ADE001F42C9 /* Debug */ = {
			isa = XCBuildConfiguration;
			buildSettings = {
				BUNDLE_LOADER = "$(TEST_HOST)";
				CODE_SIGN_STYLE = Automatic;
				DEVELOPMENT_TEAM = HU7J6PUQSE;
				INFOPLIST_FILE = CoreLocationTests/Info.plist;
				IPHONEOS_DEPLOYMENT_TARGET = 13.5;
				LD_RUNPATH_SEARCH_PATHS = (
					"$(inherited)",
					"@executable_path/Frameworks",
					"@loader_path/Frameworks",
				);
				PRODUCT_BUNDLE_IDENTIFIER = com.tigerfly.CoreLocationTests;
				PRODUCT_NAME = "$(TARGET_NAME)";
				TARGETED_DEVICE_FAMILY = "1,2";
				TEST_HOST = "$(BUILT_PRODUCTS_DIR)/CoreLocation.app/CoreLocation";
			};
			name = Debug;
		};
		114EB43D25EF6ADE001F42C9 /* Release */ = {
			isa = XCBuildConfiguration;
			buildSettings = {
				BUNDLE_LOADER = "$(TEST_HOST)";
				CODE_SIGN_STYLE = Automatic;
				DEVELOPMENT_TEAM = HU7J6PUQSE;
				INFOPLIST_FILE = CoreLocationTests/Info.plist;
				IPHONEOS_DEPLOYMENT_TARGET = 13.5;
				LD_RUNPATH_SEARCH_PATHS = (
					"$(inherited)",
					"@executable_path/Frameworks",
					"@loader_path/Frameworks",
				);
				PRODUCT_BUNDLE_IDENTIFIER = com.tigerfly.CoreLocationTests;
				PRODUCT_NAME = "$(TARGET_NAME)";
				TARGETED_DEVICE_FAMILY = "1,2";
				TEST_HOST = "$(BUILT_PRODUCTS_DIR)/CoreLocation.app/CoreLocation";
			};
			name = Release;
		};
		114EB43F25EF6ADE001F42C9 /* Debug */ = {
			isa = XCBuildConfiguration;
			buildSettings = {
				CODE_SIGN_STYLE = Automatic;
				DEVELOPMENT_TEAM = HU7J6PUQSE;
				INFOPLIST_FILE = CoreLocationUITests/Info.plist;
				LD_RUNPATH_SEARCH_PATHS = (
					"$(inherited)",
					"@executable_path/Frameworks",
					"@loader_path/Frameworks",
				);
				PRODUCT_BUNDLE_IDENTIFIER = com.tigerfly.CoreLocationUITests;
				PRODUCT_NAME = "$(TARGET_NAME)";
				TARGETED_DEVICE_FAMILY = "1,2";
				TEST_TARGET_NAME = CoreLocation;
			};
			name = Debug;
		};
		114EB44025EF6ADE001F42C9 /* Release */ = {
			isa = XCBuildConfiguration;
			buildSettings = {
				CODE_SIGN_STYLE = Automatic;
				DEVELOPMENT_TEAM = HU7J6PUQSE;
				INFOPLIST_FILE = CoreLocationUITests/Info.plist;
				LD_RUNPATH_SEARCH_PATHS = (
					"$(inherited)",
					"@executable_path/Frameworks",
					"@loader_path/Frameworks",
				);
				PRODUCT_BUNDLE_IDENTIFIER = com.tigerfly.CoreLocationUITests;
				PRODUCT_NAME = "$(TARGET_NAME)";
				TARGETED_DEVICE_FAMILY = "1,2";
				TEST_TARGET_NAME = CoreLocation;
			};
			name = Release;
		};
/* End XCBuildConfiguration section */

/* Begin XCConfigurationList section */
		114EB40425EF6ADB001F42C9 /* Build configuration list for PBXProject "CoreLocation" */ = {
			isa = XCConfigurationList;
			buildConfigurations = (
				114EB43625EF6ADE001F42C9 /* Debug */,
				114EB43725EF6ADE001F42C9 /* Release */,
			);
			defaultConfigurationIsVisible = 0;
			defaultConfigurationName = Release;
		};
		114EB43825EF6ADE001F42C9 /* Build configuration list for PBXNativeTarget "CoreLocation" */ = {
			isa = XCConfigurationList;
			buildConfigurations = (
				114EB43925EF6ADE001F42C9 /* Debug */,
				114EB43A25EF6ADE001F42C9 /* Release */,
			);
			defaultConfigurationIsVisible = 0;
			defaultConfigurationName = Release;
		};
		114EB43B25EF6ADE001F42C9 /* Build configuration list for PBXNativeTarget "CoreLocationTests" */ = {
			isa = XCConfigurationList;
			buildConfigurations = (
				114EB43C25EF6ADE001F42C9 /* Debug */,
				114EB43D25EF6ADE001F42C9 /* Release */,
			);
			defaultConfigurationIsVisible = 0;
			defaultConfigurationName = Release;
		};
		114EB43E25EF6ADE001F42C9 /* Build configuration list for PBXNativeTarget "CoreLocationUITests" */ = {
			isa = XCConfigurationList;
			buildConfigurations = (
				114EB43F25EF6ADE001F42C9 /* Debug */,
				114EB44025EF6ADE001F42C9 /* Release */,
			);
			defaultConfigurationIsVisible = 0;
			defaultConfigurationName = Release;
		};
/* End XCConfigurationList section */
	};
	rootObject = 114EB40125EF6ADB001F42C9 /* Project object */;
}
